
Microsoft Visual Studio Solution File, Format Version 12.00
# Visual Studio 15
VisualStudioVersion = 15.0.27703.2042
MinimumVisualStudioVersion = 10.0.40219.1
Project("{FAE04EC0-301F-11D3-BF4B-00C04F79EFBC}") = "EnigmaConsole2", "EnigmaConsole2\EnigmaConsole2.csproj", "{BD143660-FDC3-4979-9991-E587CFF9CABD}"
EndProject
Global
	GlobalSection(SolutionConfigurationPlatforms) = preSolution
		Debug|Any CPU = Debug|Any CPU
		Release|Any CPU = Release|Any CPU
	EndGlobalSection
	GlobalSection(ProjectConfigurationPlatforms) = postSolution
		{BD143660-FDC3-4979-9991-E587CFF9CABD}.Debug|Any CPU.ActiveCfg = Debug|Any CPU
		{BD143660-FDC3-4979-9991-E587CFF9CABD}.Debug|Any CPU.Build.0 = Debug|Any CPU
		{BD143660-FDC3-4979-9991-E587CFF9CABD}.Release|Any CPU.ActiveCfg = Release|Any CPU
		{BD143660-FDC3-4979-9991-E587CFF9CABD}.Release|Any CPU.Build.0 = Release|Any CPU
	EndGlobalSection
	GlobalSection(SolutionProperties) = preSolution
		HideSolutionNode = FALSE
	EndGlobalSection
	GlobalSection(ExtensibilityGlobals) = postSolution
		SolutionGuid = {CE2DC05F-08BD-40AC-9879-E4C1446E818F}
	EndGlobalSection
EndGlobal
